
Microsoft Visual Studio Solution File, Format Version 10.00
# Visual C++ Express 2008
Project("{8BC9CEB8-8B4A-11D0-8D11-00A0C91BC942}") = "ells", "ells.vcproj", "{08D42EC0-81DA-4E86-98BF-BE3718883581}"
EndProject
Global
	GlobalSection(SolutionConfigurationPlatforms) = preSolution
		Debug|Win32 = Debug|Win32
		Release|Win32 = Release|Win32
	EndGlobalSection
	GlobalSection(ProjectConfigurationPlatforms) = postSolution
		{08D42EC0-81DA-4E86-98BF-BE3718883581}.Debug|Win32.ActiveCfg = Debug|Win32
		{08D42EC0-81DA-4E86-98BF-BE3718883581}.Debug|Win32.Build.0 = Debug|Win32
		{08D42EC0-81DA-4E86-98BF-BE3718883581}.Release|Win32.ActiveCfg = Release|Win32
		{08D42EC0-81DA-4E86-98BF-BE3718883581}.Release|Win32.Build.0 = Release|Win32
	EndGlobalSection
	GlobalSection(SolutionProperties) = preSolution
		HideSolutionNode = FALSE
	EndGlobalSection
EndGlobal
